
Microsoft Visual Studio Solution File, Format Version 12.00
Project("{FAE04EC0-301F-11D3-BF4B-00C04F79EFBC}") = "API", "API\API.csproj", "{521A469D-6246-4008-807D-A8D5FD6866C0}"
EndProject
Project("{FAE04EC0-301F-11D3-BF4B-00C04F79EFBC}") = "Core", "Core\Core.csproj", "{C84566FE-A082-45A3-9BF2-78B2BB71FDC4}"
EndProject
Project("{FAE04EC0-301F-11D3-BF4B-00C04F79EFBC}") = "GUI", "GUI\GUI.csproj", "{FE1DBD85-CD19-43D0-A018-6BB2D937678F}"
EndProject
Project("{FAE04EC0-301F-11D3-BF4B-00C04F79EFBC}") = "UnitTests", "UnitTests\UnitTests.csproj", "{19787552-5CD2-4853-AC05-B5BCBCFBF7B6}"
EndProject
Global
	GlobalSection(SolutionConfigurationPlatforms) = preSolution
		Debug|Any CPU = Debug|Any CPU
		Release|Any CPU = Release|Any CPU
	EndGlobalSection
	GlobalSection(ProjectConfigurationPlatforms) = postSolution
		{521A469D-6246-4008-807D-A8D5FD6866C0}.Debug|Any CPU.ActiveCfg = Debug|Any CPU
		{521A469D-6246-4008-807D-A8D5FD6866C0}.Debug|Any CPU.Build.0 = Debug|Any CPU
		{521A469D-6246-4008-807D-A8D5FD6866C0}.Release|Any CPU.ActiveCfg = Release|Any CPU
		{521A469D-6246-4008-807D-A8D5FD6866C0}.Release|Any CPU.Build.0 = Release|Any CPU
		{C84566FE-A082-45A3-9BF2-78B2BB71FDC4}.Debug|Any CPU.ActiveCfg = Debug|Any CPU
		{C84566FE-A082-45A3-9BF2-78B2BB71FDC4}.Debug|Any CPU.Build.0 = Debug|Any CPU
		{C84566FE-A082-45A3-9BF2-78B2BB71FDC4}.Release|Any CPU.ActiveCfg = Release|Any CPU
		{C84566FE-A082-45A3-9BF2-78B2BB71FDC4}.Release|Any CPU.Build.0 = Release|Any CPU
		{FE1DBD85-CD19-43D0-A018-6BB2D937678F}.Debug|Any CPU.ActiveCfg = Debug|Any CPU
		{FE1DBD85-CD19-43D0-A018-6BB2D937678F}.Debug|Any CPU.Build.0 = Debug|Any CPU
		{FE1DBD85-CD19-43D0-A018-6BB2D937678F}.Release|Any CPU.ActiveCfg = Release|Any CPU
		{FE1DBD85-CD19-43D0-A018-6BB2D937678F}.Release|Any CPU.Build.0 = Release|Any CPU
		{19787552-5CD2-4853-AC05-B5BCBCFBF7B6}.Debug|Any CPU.ActiveCfg = Debug|Any CPU
		{19787552-5CD2-4853-AC05-B5BCBCFBF7B6}.Debug|Any CPU.Build.0 = Debug|Any CPU
		{19787552-5CD2-4853-AC05-B5BCBCFBF7B6}.Release|Any CPU.ActiveCfg = Release|Any CPU
		{19787552-5CD2-4853-AC05-B5BCBCFBF7B6}.Release|Any CPU.Build.0 = Release|Any CPU
	EndGlobalSection
EndGlobal
